{
  "name": "nds-common",
  "version": "0.4.2",
  "lockfileVersion": 1,
  "requires": true,
  "dependencies": {
    "axios": {
      "version": "0.26.1",
      "resolved": "https://registry.npmjs.org/axios/-/axios-0.26.1.tgz",
      "integrity": "sha512-fPwcX4EvnSHuInCMItEhAGnaSEXRBjtzh9fOtsE6E1G6p7vl7edEeZe11QHf18+6+9gR5PbKV/sGKNaD8YaMeA==",
      "dev": true,
      "requires": {
        "follow-redirects": "^1.14.8"
      }
    },
    "currency-codes": {
      "version": "2.1.0",
      "resolved": "https://registry.npmjs.org/currency-codes/-/currency-codes-2.1.0.tgz",
      "integrity": "sha512-aASwFNP8VjZ0y0PWlSW7c9N/isYTLxK6OCbm7aVuQMk7dWO2zgup9KGiFQgeL9OGL5P/ulvCHcjQizmuEeZXtw==",
      "requires": {
        "first-match": "~0.0.1",
        "nub": "~0.0.0"
      }
    },
    "first-match": {
      "version": "0.0.1",
      "resolved": "https://registry.npmjs.org/first-match/-/first-match-0.0.1.tgz",
      "integrity": "sha1-pg7GQnAPD0NyNOu37D84JHblQv0="
    },
    "follow-redirects": {
      "version": "1.14.9",
      "resolved": "https://registry.npmjs.org/follow-redirects/-/follow-redirects-1.14.9.tgz",
      "integrity": "sha512-MQDfihBQYMcyy5dhRDJUHcw7lb2Pv/TuE6xP1vyraLukNDHKbDxDNaOE3NbCAdKQApno+GPRyo1YAp89yCjK4w==",
      "dev": true
    },
    "nub": {
      "version": "0.0.0",
      "resolved": "https://registry.npmjs.org/nub/-/nub-0.0.0.tgz",
      "integrity": "sha1-s2m9Mr3eZq9ZYFw7BSC8IZ3MwE8="
    },
    "typescript": {
      "version": "4.6.3",
      "resolved": "https://registry.npmjs.org/typescript/-/typescript-4.6.3.tgz",
      "integrity": "sha512-yNIatDa5iaofVozS/uQJEl3JRWLKKGJKh6Yaiv0GLGSuhpFJe7P3SbHZ8/yjAHRQwKRoA6YZqlfjXWmVzoVSMw==",
      "dev": true
    }
  }
}
